<?xml version="1.0" encoding="utf-8"?>
<Project ToolsVersion="4.0" xmlns="http://schemas.microsoft.com/developer/msbuild/2003">
  <ItemGroup>
    <Filter Include="Common">
      <UniqueIdentifier>{b9d2466c-63c5-4ebe-a52a-4915b4f488d7}</UniqueIdentifier>
    </Filter>
    <Filter Include="Common\Math">
      <UniqueIdentifier>{15d5b142-3bff-4469-8833-406ef077a87b}</UniqueIdentifier>
    </Filter>
    <Filter Include="Culling">
      <UniqueIdentifier>{e569dc85-f19f-4981-8274-e14e7141c6ae}</UniqueIdentifier>
    </Filter>
  </ItemGroup>
  <ItemGroup>
    <ClCompile Include="Common\Math\culling2d.Matrix33.cpp">
      <Filter>Common\Math</Filter>
    </ClCompile>
    <ClCompile Include="Common\Math\culling2d.Matrix44.cpp">
      <Filter>Common\Math</Filter>
    </ClCompile>
    <ClCompile Include="Common\Math\culling2d.RectF.cpp">
      <Filter>Common\Math</Filter>
    </ClCompile>
    <ClCompile Include="Common\Math\culling2d.RectI.cpp">
      <Filter>Common\Math</Filter>
    </ClCompile>
    <ClCompile Include="Common\Math\culling2d.Vector2DF.cpp">
      <Filter>Common\Math</Filter>
    </ClCompile>
    <ClCompile Include="Common\Math\culling2d.Vector2DI.cpp">
      <Filter>Common\Math</Filter>
    </ClCompile>
    <ClCompile Include="Common\Math\culling2d.Vector3DF.cpp">
      <Filter>Common\Math</Filter>
    </ClCompile>
    <ClCompile Include="Common\Math\culling2d.Vector4DF.cpp">
      <Filter>Common\Math</Filter>
    </ClCompile>
    <ClCompile Include="main.cpp" />
    <ClCompile Include="Culling\culling2d.Layer.cpp">
      <Filter>Culling</Filter>
    </ClCompile>
    <ClCompile Include="Culling\culling2d.Grid.cpp">
      <Filter>Culling</Filter>
    </ClCompile>
    <ClCompile Include="Culling\culling2d.Object.cpp">
      <Filter>Culling</Filter>
    </ClCompile>
    <ClCompile Include="Culling\culling2d.World.cpp">
      <Filter>Culling</Filter>
    </ClCompile>
    <ClCompile Include="Common\culling2d.common.cpp">
      <Filter>Common</Filter>
    </ClCompile>
  </ItemGroup>
  <ItemGroup>
    <ClInclude Include="Common\Math\culling2d.Matrix33.h">
      <Filter>Common\Math</Filter>
    </ClInclude>
    <ClInclude Include="Common\Math\culling2d.Matrix44.h">
      <Filter>Common\Math</Filter>
    </ClInclude>
    <ClInclude Include="Common\Math\culling2d.RectF.h">
      <Filter>Common\Math</Filter>
    </ClInclude>
    <ClInclude Include="Common\Math\culling2d.RectI.h">
      <Filter>Common\Math</Filter>
    </ClInclude>
    <ClInclude Include="Common\Math\culling2d.Vector2DF.h">
      <Filter>Common\Math</Filter>
    </ClInclude>
    <ClInclude Include="Common\Math\culling2d.Vector2DI.h">
      <Filter>Common\Math</Filter>
    </ClInclude>
    <ClInclude Include="Common\Math\culling2d.Vector3DF.h">
      <Filter>Common\Math</Filter>
    </ClInclude>
    <ClInclude Include="Common\Math\culling2d.Vector4DF.h">
      <Filter>Common\Math</Filter>
    </ClInclude>
    <ClInclude Include="Common\Math\culling2d.Circle.h">
      <Filter>Common\Math</Filter>
    </ClInclude>
    <ClInclude Include="Culling\culling2d.Layer.h">
      <Filter>Culling</Filter>
    </ClInclude>
    <ClInclude Include="Culling\culling2d.Grid.h">
      <Filter>Culling</Filter>
    </ClInclude>
    <ClInclude Include="Culling\culling2d.Object.h">
      <Filter>Culling</Filter>
    </ClInclude>
    <ClInclude Include="Culling\culling2d.World.h">
      <Filter>Culling</Filter>
    </ClInclude>
    <ClInclude Include="Common\culling2d.common.Base.h">
      <Filter>Common</Filter>
    </ClInclude>
  </ItemGroup>
</Project>