
Microsoft Visual Studio Solution File, Format Version 12.00
# Visual Studio 14
VisualStudioVersion = 14.0.25420.1
MinimumVisualStudioVersion = 10.0.40219.1
Project("{8BC9CEB8-8B4A-11D0-8D11-00A0C91BC942}") = "Culling2D", "Culling2D\Culling2D.vcxproj", "{F2375EF9-2508-4575-B5E3-06C16FEC6E0A}"
EndProject
Project("{8BC9CEB8-8B4A-11D0-8D11-00A0C91BC942}") = "Culling2DTest", "Culling2DTest\Culling2DTest.vcxproj", "{19F03066-5A7E-49CF-BC6D-725A3B5C9339}"
	ProjectSection(ProjectDependencies) = postProject
		{F2375EF9-2508-4575-B5E3-06C16FEC6E0A} = {F2375EF9-2508-4575-B5E3-06C16FEC6E0A}
	EndProjectSection
EndProject
Project("{8BC9CEB8-8B4A-11D0-8D11-00A0C91BC942}") = "Culling2D_AABB", "Culling2D_AABB\Culling2D_AABB.vcxproj", "{324302FC-5B69-4E41-A395-B62C25D30EE1}"
EndProject
Global
	GlobalSection(SolutionConfigurationPlatforms) = preSolution
		Debug|Win32 = Debug|Win32
		Debug|x64 = Debug|x64
		Release|Win32 = Release|Win32
		Release|x64 = Release|x64
	EndGlobalSection
	GlobalSection(ProjectConfigurationPlatforms) = postSolution
		{F2375EF9-2508-4575-B5E3-06C16FEC6E0A}.Debug|Win32.ActiveCfg = Debug|Win32
		{F2375EF9-2508-4575-B5E3-06C16FEC6E0A}.Debug|Win32.Build.0 = Debug|Win32
		{F2375EF9-2508-4575-B5E3-06C16FEC6E0A}.Debug|x64.ActiveCfg = Debug|Win32
		{F2375EF9-2508-4575-B5E3-06C16FEC6E0A}.Release|Win32.ActiveCfg = Release|Win32
		{F2375EF9-2508-4575-B5E3-06C16FEC6E0A}.Release|Win32.Build.0 = Release|Win32
		{F2375EF9-2508-4575-B5E3-06C16FEC6E0A}.Release|x64.ActiveCfg = Release|Win32
		{19F03066-5A7E-49CF-BC6D-725A3B5C9339}.Debug|Win32.ActiveCfg = Debug|Win32
		{19F03066-5A7E-49CF-BC6D-725A3B5C9339}.Debug|Win32.Build.0 = Debug|Win32
		{19F03066-5A7E-49CF-BC6D-725A3B5C9339}.Debug|x64.ActiveCfg = Debug|Win32
		{19F03066-5A7E-49CF-BC6D-725A3B5C9339}.Release|Win32.ActiveCfg = Release|Win32
		{19F03066-5A7E-49CF-BC6D-725A3B5C9339}.Release|Win32.Build.0 = Release|Win32
		{19F03066-5A7E-49CF-BC6D-725A3B5C9339}.Release|x64.ActiveCfg = Release|Win32
		{324302FC-5B69-4E41-A395-B62C25D30EE1}.Debug|Win32.ActiveCfg = Debug|Win32
		{324302FC-5B69-4E41-A395-B62C25D30EE1}.Debug|Win32.Build.0 = Debug|Win32
		{324302FC-5B69-4E41-A395-B62C25D30EE1}.Debug|x64.ActiveCfg = Debug|x64
		{324302FC-5B69-4E41-A395-B62C25D30EE1}.Debug|x64.Build.0 = Debug|x64
		{324302FC-5B69-4E41-A395-B62C25D30EE1}.Release|Win32.ActiveCfg = Release|Win32
		{324302FC-5B69-4E41-A395-B62C25D30EE1}.Release|Win32.Build.0 = Release|Win32
		{324302FC-5B69-4E41-A395-B62C25D30EE1}.Release|x64.ActiveCfg = Release|x64
		{324302FC-5B69-4E41-A395-B62C25D30EE1}.Release|x64.Build.0 = Release|x64
	EndGlobalSection
	GlobalSection(SolutionProperties) = preSolution
		HideSolutionNode = FALSE
	EndGlobalSection
EndGlobal
